
Microsoft Visual Studio Solution File, Format Version 12.00
# Visual Studio Version 17
VisualStudioVersion = 17.6.33829.357
MinimumVisualStudioVersion = 10.0.40219.1
Project("{FAE04EC0-301F-11D3-BF4B-00C04F79EFBC}") = "RGBmixer", "RGBmixer\RGBmixer.csproj", "{BF3D2D94-4B4D-4803-8684-35D748BE8F86}"
EndProject
Global
	GlobalSection(SolutionConfigurationPlatforms) = preSolution
		Debug|Any CPU = Debug|Any CPU
		Release|Any CPU = Release|Any CPU
	EndGlobalSection
	GlobalSection(ProjectConfigurationPlatforms) = postSolution
		{BF3D2D94-4B4D-4803-8684-35D748BE8F86}.Debug|Any CPU.ActiveCfg = Debug|Any CPU
		{BF3D2D94-4B4D-4803-8684-35D748BE8F86}.Debug|Any CPU.Build.0 = Debug|Any CPU
		{BF3D2D94-4B4D-4803-8684-35D748BE8F86}.Release|Any CPU.ActiveCfg = Release|Any CPU
		{BF3D2D94-4B4D-4803-8684-35D748BE8F86}.Release|Any CPU.Build.0 = Release|Any CPU
	EndGlobalSection
	GlobalSection(SolutionProperties) = preSolution
		HideSolutionNode = FALSE
	EndGlobalSection
	GlobalSection(ExtensibilityGlobals) = postSolution
		SolutionGuid = {4FD3AD21-9D8D-4008-9162-A058F3239C2C}
	EndGlobalSection
EndGlobal
